
Microsoft Visual Studio Solution File, Format Version 12.00
# Visual Studio 15
VisualStudioVersion = 15.0.26124.0
MinimumVisualStudioVersion = 15.0.26124.0
Project("{2150E333-8FDC-42A3-9474-1A3956D46DE8}") = "src", "src", "{D979344C-C144-40AE-BE9A-EAAEC85D0F26}"
EndProject
Project("{FAE04EC0-301F-11D3-BF4B-00C04F79EFBC}") = "AuthorizeCore", "src\AuthorizeCore\AuthorizeCore.csproj", "{DA96D77D-2699-4BCF-AED3-5E634995723D}"
EndProject
Project("{2150E333-8FDC-42A3-9474-1A3956D46DE8}") = "test", "test", "{C961A930-324A-4DE0-A43F-3637C6C933A1}"
EndProject
Project("{FAE04EC0-301F-11D3-BF4B-00C04F79EFBC}") = "AuthorizeCore.Test", "test\AuthorizeCore.Test\AuthorizeCore.Test.csproj", "{E9DCF203-9E6D-45F3-B803-38A3675CA23D}"
EndProject
Global
	GlobalSection(SolutionConfigurationPlatforms) = preSolution
		Debug|Any CPU = Debug|Any CPU
		Debug|x64 = Debug|x64
		Debug|x86 = Debug|x86
		Release|Any CPU = Release|Any CPU
		Release|x64 = Release|x64
		Release|x86 = Release|x86
	EndGlobalSection
	GlobalSection(SolutionProperties) = preSolution
		HideSolutionNode = FALSE
	EndGlobalSection
	GlobalSection(ProjectConfigurationPlatforms) = postSolution
		{DA96D77D-2699-4BCF-AED3-5E634995723D}.Debug|Any CPU.ActiveCfg = Debug|Any CPU
		{DA96D77D-2699-4BCF-AED3-5E634995723D}.Debug|Any CPU.Build.0 = Debug|Any CPU
		{DA96D77D-2699-4BCF-AED3-5E634995723D}.Debug|x64.ActiveCfg = Debug|x64
		{DA96D77D-2699-4BCF-AED3-5E634995723D}.Debug|x64.Build.0 = Debug|x64
		{DA96D77D-2699-4BCF-AED3-5E634995723D}.Debug|x86.ActiveCfg = Debug|x86
		{DA96D77D-2699-4BCF-AED3-5E634995723D}.Debug|x86.Build.0 = Debug|x86
		{DA96D77D-2699-4BCF-AED3-5E634995723D}.Release|Any CPU.ActiveCfg = Release|Any CPU
		{DA96D77D-2699-4BCF-AED3-5E634995723D}.Release|Any CPU.Build.0 = Release|Any CPU
		{DA96D77D-2699-4BCF-AED3-5E634995723D}.Release|x64.ActiveCfg = Release|x64
		{DA96D77D-2699-4BCF-AED3-5E634995723D}.Release|x64.Build.0 = Release|x64
		{DA96D77D-2699-4BCF-AED3-5E634995723D}.Release|x86.ActiveCfg = Release|x86
		{DA96D77D-2699-4BCF-AED3-5E634995723D}.Release|x86.Build.0 = Release|x86
		{E9DCF203-9E6D-45F3-B803-38A3675CA23D}.Debug|Any CPU.ActiveCfg = Debug|Any CPU
		{E9DCF203-9E6D-45F3-B803-38A3675CA23D}.Debug|Any CPU.Build.0 = Debug|Any CPU
		{E9DCF203-9E6D-45F3-B803-38A3675CA23D}.Debug|x64.ActiveCfg = Debug|x64
		{E9DCF203-9E6D-45F3-B803-38A3675CA23D}.Debug|x64.Build.0 = Debug|x64
		{E9DCF203-9E6D-45F3-B803-38A3675CA23D}.Debug|x86.ActiveCfg = Debug|x86
		{E9DCF203-9E6D-45F3-B803-38A3675CA23D}.Debug|x86.Build.0 = Debug|x86
		{E9DCF203-9E6D-45F3-B803-38A3675CA23D}.Release|Any CPU.ActiveCfg = Release|Any CPU
		{E9DCF203-9E6D-45F3-B803-38A3675CA23D}.Release|Any CPU.Build.0 = Release|Any CPU
		{E9DCF203-9E6D-45F3-B803-38A3675CA23D}.Release|x64.ActiveCfg = Release|x64
		{E9DCF203-9E6D-45F3-B803-38A3675CA23D}.Release|x64.Build.0 = Release|x64
		{E9DCF203-9E6D-45F3-B803-38A3675CA23D}.Release|x86.ActiveCfg = Release|x86
		{E9DCF203-9E6D-45F3-B803-38A3675CA23D}.Release|x86.Build.0 = Release|x86
	EndGlobalSection
	GlobalSection(NestedProjects) = preSolution
		{DA96D77D-2699-4BCF-AED3-5E634995723D} = {D979344C-C144-40AE-BE9A-EAAEC85D0F26}
		{E9DCF203-9E6D-45F3-B803-38A3675CA23D} = {C961A930-324A-4DE0-A43F-3637C6C933A1}
	EndGlobalSection
EndGlobal
